
Microsoft Visual Studio Solution File, Format Version 12.00
# Visual Studio 15
VisualStudioVersion = 15.0.28307.102
MinimumVisualStudioVersion = 10.0.40219.1
Project("{FAE04EC0-301F-11D3-BF4B-00C04F79EFBC}") = "Weather.Api", "Weather.Api\Weather.Api.csproj", "{557ED78B-C307-4DAE-9E8A-398A230ECACC}"
EndProject
Project("{FAE04EC0-301F-11D3-BF4B-00C04F79EFBC}") = "Weather.Service", "Weather.Service\Weather.Service.csproj", "{EC623B9D-92E2-4FB7-AC1D-9019C438A836}"
EndProject
Project("{FAE04EC0-301F-11D3-BF4B-00C04F79EFBC}") = "Weather.Data", "Weather.Data\Weather.Data.csproj", "{B4AEB1AC-A833-49FB-93DF-D9683AE5882F}"
EndProject
Global
	GlobalSection(SolutionConfigurationPlatforms) = preSolution
		Debug|Any CPU = Debug|Any CPU
		Release|Any CPU = Release|Any CPU
	EndGlobalSection
	GlobalSection(ProjectConfigurationPlatforms) = postSolution
		{557ED78B-C307-4DAE-9E8A-398A230ECACC}.Debug|Any CPU.ActiveCfg = Debug|Any CPU
		{557ED78B-C307-4DAE-9E8A-398A230ECACC}.Debug|Any CPU.Build.0 = Debug|Any CPU
		{557ED78B-C307-4DAE-9E8A-398A230ECACC}.Release|Any CPU.ActiveCfg = Release|Any CPU
		{557ED78B-C307-4DAE-9E8A-398A230ECACC}.Release|Any CPU.Build.0 = Release|Any CPU
		{EC623B9D-92E2-4FB7-AC1D-9019C438A836}.Debug|Any CPU.ActiveCfg = Debug|Any CPU
		{EC623B9D-92E2-4FB7-AC1D-9019C438A836}.Debug|Any CPU.Build.0 = Debug|Any CPU
		{EC623B9D-92E2-4FB7-AC1D-9019C438A836}.Release|Any CPU.ActiveCfg = Release|Any CPU
		{EC623B9D-92E2-4FB7-AC1D-9019C438A836}.Release|Any CPU.Build.0 = Release|Any CPU
		{B4AEB1AC-A833-49FB-93DF-D9683AE5882F}.Debug|Any CPU.ActiveCfg = Debug|Any CPU
		{B4AEB1AC-A833-49FB-93DF-D9683AE5882F}.Debug|Any CPU.Build.0 = Debug|Any CPU
		{B4AEB1AC-A833-49FB-93DF-D9683AE5882F}.Release|Any CPU.ActiveCfg = Release|Any CPU
		{B4AEB1AC-A833-49FB-93DF-D9683AE5882F}.Release|Any CPU.Build.0 = Release|Any CPU
	EndGlobalSection
	GlobalSection(SolutionProperties) = preSolution
		HideSolutionNode = FALSE
	EndGlobalSection
	GlobalSection(ExtensibilityGlobals) = postSolution
		SolutionGuid = {961E17B0-6EEF-4D0A-A288-36E73B7E7855}
	EndGlobalSection
EndGlobal
